Microsoft Visual Studio Solution File, Format Version 11.00
# Visual Studio 2008

Project("{36123B14-3F0C-1193-2767-3AB2B55B4250}") = "Yale Team Collaboration", "Assembly-CSharp.csproj", "{B91CD4AA-9D90-62F4-8253-D6990D799125}"
EndProject
Global
	GlobalSection(SolutionConfigurationPlatforms) = preSolution
		Debug|Any CPU = Debug|Any CPU
		Release|Any CPU = Release|Any CPU
	EndGlobalSection
	GlobalSection(ProjectConfigurationPlatforms) = postSolution
		{B91CD4AA-9D90-62F4-8253-D6990D799125}.Debug|Any CPU.ActiveCfg = Debug|Any CPU
		{B91CD4AA-9D90-62F4-8253-D6990D799125}.Debug|Any CPU.Build.0 = Debug|Any CPU
		{B91CD4AA-9D90-62F4-8253-D6990D799125}.Release|Any CPU.ActiveCfg = Release|Any CPU
		{B91CD4AA-9D90-62F4-8253-D6990D799125}.Release|Any CPU.Build.0 = Release|Any CPU
	EndGlobalSection
	GlobalSection(SolutionProperties) = preSolution
		HideSolutionNode = FALSE
	EndGlobalSection
	GlobalSection(MonoDevelopProperties) = preSolution
		StartupItem = Assembly-CSharp.csproj
	EndGlobalSection
EndGlobal
